# THIS IS AN AUTOGENERATED FILE. DO NOT EDIT THIS FILE DIRECTLY.
# yarn lockfile v1


amdefine@>=0.0.4:
  version "1.0.1"
  resolved "https://registry.yarnpkg.com/amdefine/-/amdefine-1.0.1.tgz#4a5282ac164729e93619bcfd3ad151f817ce91f5"

async@~0.2.6:
  version "0.2.10"
  resolved "https://registry.yarnpkg.com/async/-/async-0.2.10.tgz#b6bbe0b0674b9d719708ca38de8c237cb526c3d1"

handlebars@1.3.0:
  version "1.3.0"
  resolved "https://registry.yarnpkg.com/handlebars/-/handlebars-1.3.0.tgz#9e9b130a93e389491322d975cf3ec1818c37ce34"
  dependencies:
    optimist "~0.3"
  optionalDependencies:
    uglify-js "~2.3"

jquery@2.1.0:
  version "2.1.0"
  resolved "https://registry.yarnpkg.com/jquery/-/jquery-2.1.0.tgz#1c9a8c971d2b53dae10d72e16cbb5a1df16a4ace"

lodash@2.4.1:
  version "2.4.1"
  resolved "https://registry.yarnpkg.com/lodash/-/lodash-2.4.1.tgz#5b7723034dda4d262e5a46fb2c58d7cc22f71420"

optimist@~0.3, optimist@~0.3.5:
  version "0.3.7"
  resolved "https://registry.yarnpkg.com/optimist/-/optimist-0.3.7.tgz#c90941ad59e4273328923074d2cf2e7cbc6ec0d9"
  dependencies:
    wordwrap "~0.0.2"

requirejs@2.1.11:
  version "2.1.11"
  resolved "https://registry.yarnpkg.com/requirejs/-/requirejs-2.1.11.tgz#0eafaa6b46ca9b5b1e13406f119c020190a24442"

source-map@~0.1.7:
  version "0.1.43"
  resolved "https://registry.yarnpkg.com/source-map/-/source-map-0.1.43.tgz#c24bc146ca517c1471f5dacbe2571b2b7f9e3346"
  dependencies:
    amdefine ">=0.0.4"

uglify-js@~2.3:
  version "2.3.6"
  resolved "https://registry.yarnpkg.com/uglify-js/-/uglify-js-2.3.6.tgz#fa0984770b428b7a9b2a8058f46355d14fef211a"
  dependencies:
    async "~0.2.6"
    optimist "~0.3.5"
    source-map "~0.1.7"

wordwrap@~0.0.2:
  version "0.0.3"
  resolved "https://registry.yarnpkg.com/wordwrap/-/wordwrap-0.0.3.tgz#a3d5da6cd5c0bc0008d37234bbaf1bed63059107"
